Microsoft Visual Studio Solution File, Format Version 12.00
# Visual Studio Version 17
VisualStudioVersion = 17.5.2.0
MinimumVisualStudioVersion = 10.0.40219.1
Project("{FAE04EC0-301F-11D3-BF4B-00C04F79EFBC}") = "PlayVisionAPI", "PlayVisionAPI.csproj", "{EBE1CCA5-597D-232F-1088-194FD18A473F}"
EndProject
Global
	GlobalSection(SolutionConfigurationPlatforms) = preSolution
		Debug|Any CPU = Debug|Any CPU
		Release|Any CPU = Release|Any CPU
	EndGlobalSection
	GlobalSection(ProjectConfigurationPlatforms) = postSolution
		{EBE1CCA5-597D-232F-1088-194FD18A473F}.Debug|Any CPU.ActiveCfg = Debug|Any CPU
		{EBE1CCA5-597D-232F-1088-194FD18A473F}.Debug|Any CPU.Build.0 = Debug|Any CPU
		{EBE1CCA5-597D-232F-1088-194FD18A473F}.Release|Any CPU.ActiveCfg = Release|Any CPU
		{EBE1CCA5-597D-232F-1088-194FD18A473F}.Release|Any CPU.Build.0 = Release|Any CPU
	EndGlobalSection
	GlobalSection(SolutionProperties) = preSolution
		HideSolutionNode = FALSE
	EndGlobalSection
	GlobalSection(ExtensibilityGlobals) = postSolution
		SolutionGuid = {2D62EF5B-D783-4017-A8EC-E3DC0A3600C8}
	EndGlobalSection
EndGlobal
